{
  "name": "test1",
  "version": "1.0.0",
  "lockfileVersion": 3,
  "requires": true,
  "packages": {
    "": {
      "name": "test1",
      "version": "1.0.0",
      "workspaces": [
        "packages/*"
      ]
    },
    "node_modules/app": {
      "resolved": "packages/app",
      "link": true
    },
    "node_modules/flow-bin": {
      "version": "0.203.1",
      "resolved": "https://registry.npmjs.org/flow-bin/-/flow-bin-0.203.1.tgz",
      "integrity": "sha512-W/SX7QnRmBYS0TjfgtGb9ltPZzlsNeTZ7wA1yqwChxbLaQtrxGtO4K5GKtjRwAtucMQSebB7Ao++u21fRmC4TQ==",
      "bin": {
        "flow": "cli.js"
      },
      "engines": {
        "node": ">=0.10.0"
      }
    },
    "node_modules/lib-a": {
      "resolved": "packages/lib-a",
      "link": true
    },
    "packages/app": {
      "version": "1.0.0",
      "license": "ISC",
      "dependencies": {
        "flow-bin": "^0.203.1"
      }
    },
    "packages/lib-a": {
      "version": "1.0.0",
      "license": "ISC",
      "dependencies": {
        "flow-bin": "^0.203.1"
      }
    }
  }
}
